
Microsoft Visual Studio Solution File, Format Version 12.00
# Visual Studio Version 17
VisualStudioVersion = 17.1.32228.430
MinimumVisualStudioVersion = 10.0.40219.1
Project("{9A19103F-16F7-4668-BE54-9A1E7A4F7556}") = "KinesiOSFace", "KinesiOSFace\KinesiOSFace.csproj", "{98FC6E11-15AA-4BBF-9C18-B5FF688E3DDC}"
EndProject
Global
	GlobalSection(SolutionConfigurationPlatforms) = preSolution
		Debug|Any CPU = Debug|Any CPU
		Debug|x64 = Debug|x64
		Release|Any CPU = Release|Any CPU
		Release|x64 = Release|x64
	EndGlobalSection
	GlobalSection(ProjectConfigurationPlatforms) = postSolution
		{98FC6E11-15AA-4BBF-9C18-B5FF688E3DDC}.Debug|Any CPU.ActiveCfg = Debug|Any CPU
		{98FC6E11-15AA-4BBF-9C18-B5FF688E3DDC}.Debug|Any CPU.Build.0 = Debug|Any CPU
		{98FC6E11-15AA-4BBF-9C18-B5FF688E3DDC}.Debug|x64.ActiveCfg = Debug|x64
		{98FC6E11-15AA-4BBF-9C18-B5FF688E3DDC}.Debug|x64.Build.0 = Debug|x64
		{98FC6E11-15AA-4BBF-9C18-B5FF688E3DDC}.Release|Any CPU.ActiveCfg = Release|Any CPU
		{98FC6E11-15AA-4BBF-9C18-B5FF688E3DDC}.Release|Any CPU.Build.0 = Release|Any CPU
		{98FC6E11-15AA-4BBF-9C18-B5FF688E3DDC}.Release|x64.ActiveCfg = Release|x64
		{98FC6E11-15AA-4BBF-9C18-B5FF688E3DDC}.Release|x64.Build.0 = Release|x64
	EndGlobalSection
	GlobalSection(SolutionProperties) = preSolution
		HideSolutionNode = FALSE
	EndGlobalSection
	GlobalSection(ExtensibilityGlobals) = postSolution
		SolutionGuid = {62ECBB2F-F76C-4492-AE5B-BDB3B8235E40}
	EndGlobalSection
EndGlobal
