
Microsoft Visual Studio Solution File, Format Version 12.00
# Visual Studio Version 17
VisualStudioVersion = 17.1.32228.430
MinimumVisualStudioVersion = 10.0.40219.1
Project("{FAE04EC0-301F-11D3-BF4B-00C04F79EFBC}") = "KinesiOSFace", "KinesiOSFace\KinesiOSFace.csproj", "{98FC6E11-15AA-4BBF-9C18-B5FF688E3DDC}"
EndProject
Global
	GlobalSection(SolutionConfigurationPlatforms) = preSolution
		Debug|Any CPU = Debug|Any CPU
		Release|Any CPU = Release|Any CPU
	EndGlobalSection
	GlobalSection(ProjectConfigurationPlatforms) = postSolution
		{98FC6E11-15AA-4BBF-9C18-B5FF688E3DDC}.Debug|Any CPU.ActiveCfg = Debug|Any CPU
		{98FC6E11-15AA-4BBF-9C18-B5FF688E3DDC}.Debug|Any CPU.Build.0 = Debug|Any CPU
		{98FC6E11-15AA-4BBF-9C18-B5FF688E3DDC}.Release|Any CPU.ActiveCfg = Release|Any CPU
		{98FC6E11-15AA-4BBF-9C18-B5FF688E3DDC}.Release|Any CPU.Build.0 = Release|Any CPU
	EndGlobalSection
	GlobalSection(SolutionProperties) = preSolution
		HideSolutionNode = FALSE
	EndGlobalSection
	GlobalSection(ExtensibilityGlobals) = postSolution
		SolutionGuid = {62ECBB2F-F76C-4492-AE5B-BDB3B8235E40}
	EndGlobalSection
EndGlobal
